
Microsoft Visual Studio Solution File, Format Version 12.00
# Visual Studio Version 16
VisualStudioVersion = 16.0.31829.152
MinimumVisualStudioVersion = 10.0.40219.1
Project("{9A19103F-16F7-4668-BE54-9A1E7A4F7556}") = "tcpServer", "tcpServer.csproj", "{52CEC0C1-A26F-4193-AB7F-5A827489516C}"
EndProject
Global
	GlobalSection(SolutionConfigurationPlatforms) = preSolution
		Debug|Any CPU = Debug|Any CPU
		Release|Any CPU = Release|Any CPU
	EndGlobalSection
	GlobalSection(ProjectConfigurationPlatforms) = postSolution
		{52CEC0C1-A26F-4193-AB7F-5A827489516C}.Debug|Any CPU.ActiveCfg = Debug|Any CPU
		{52CEC0C1-A26F-4193-AB7F-5A827489516C}.Debug|Any CPU.Build.0 = Debug|Any CPU
		{52CEC0C1-A26F-4193-AB7F-5A827489516C}.Release|Any CPU.ActiveCfg = Release|Any CPU
		{52CEC0C1-A26F-4193-AB7F-5A827489516C}.Release|Any CPU.Build.0 = Release|Any CPU
	EndGlobalSection
	GlobalSection(SolutionProperties) = preSolution
		HideSolutionNode = FALSE
	EndGlobalSection
	GlobalSection(ExtensibilityGlobals) = postSolution
		SolutionGuid = {FFED822D-4035-434F-AF00-077B3873EB6F}
	EndGlobalSection
EndGlobal
